{
    "name": "postdirekt-autocomplete",
    "version": "1.0.0",
    "lockfileVersion": 2,
    "requires": true,
    "packages": {
        "": {
            "name": "postdirekt-autocomplete",
            "version": "1.0.0",
            "license": "ISC",
            "dependencies": {
                "@netresearch/postdirekt-autocomplete-library": "^1.2.2",
                "shopware-storefront-sdk": "^0.0.11"
            }
        },
        "node_modules/@netresearch/postdirekt-autocomplete-library": {
            "version": "1.2.2",
            "resolved": "https://registry.npmjs.org/@netresearch/postdirekt-autocomplete-library/-/postdirekt-autocomplete-library-1.2.2.tgz",
            "integrity": "sha512-Kagn0hoW8gVWFVH7SaBy3Redh93BsPuvc9LDf0jtbE/0wjIyEq+QhdK/qpCgbZtY+9KGmEdHzgBgzxpCKIVieQ==",
            "dependencies": {
                "@netresearch/postdirekt-autocomplete-sdk": "^1.1.0"
            },
            "engines": {
                "node": ">=10.0.0"
            }
        },
        "node_modules/@netresearch/postdirekt-autocomplete-sdk": {
            "version": "1.2.2",
            "resolved": "https://registry.npmjs.org/@netresearch/postdirekt-autocomplete-sdk/-/postdirekt-autocomplete-sdk-1.2.2.tgz",
            "integrity": "sha512-ktjku1pxEF8IDDpYgNcgo3ugmF1vWpbXx5qUybEHflsBg0nLSmbgBJP1siOcO/JWQBlmGYHXZPaSAcsh3gFDHQ==",
            "engines": {
                "node": ">=10.0.0"
            }
        },
        "node_modules/deepmerge": {
            "version": "4.3.1",
            "resolved": "https://registry.npmjs.org/deepmerge/-/deepmerge-4.3.1.tgz",
            "integrity": "sha512-3sUqbMEc77XqpdNO7FRyRog+eW3ph+GYCbj+rK+uYyRMuwsVy0rMiVtPn+QJlKFvWP/1PYpapqYn0Me2knFn+A==",
            "engines": {
                "node": ">=0.10.0"
            }
        },
        "node_modules/shopware-storefront-sdk": {
            "version": "0.0.11",
            "resolved": "https://registry.npmjs.org/shopware-storefront-sdk/-/shopware-storefront-sdk-0.0.11.tgz",
            "integrity": "sha512-Hx2K4M+983PZFBe7opr3Q3xTHV2+2Y/3XBEInBlhj1yU0WzxbazbyjXWymh5nPTBhpDI9fS2C8gwyHD7YoO5pw==",
            "dependencies": {
                "deepmerge": "^4.3.1"
            }
        }
    },
    "dependencies": {
        "@netresearch/postdirekt-autocomplete-library": {
            "version": "1.2.2",
            "resolved": "https://registry.npmjs.org/@netresearch/postdirekt-autocomplete-library/-/postdirekt-autocomplete-library-1.2.2.tgz",
            "integrity": "sha512-Kagn0hoW8gVWFVH7SaBy3Redh93BsPuvc9LDf0jtbE/0wjIyEq+QhdK/qpCgbZtY+9KGmEdHzgBgzxpCKIVieQ==",
            "requires": {
                "@netresearch/postdirekt-autocomplete-sdk": "^1.1.0"
            }
        },
        "@netresearch/postdirekt-autocomplete-sdk": {
            "version": "1.2.2",
            "resolved": "https://registry.npmjs.org/@netresearch/postdirekt-autocomplete-sdk/-/postdirekt-autocomplete-sdk-1.2.2.tgz",
            "integrity": "sha512-ktjku1pxEF8IDDpYgNcgo3ugmF1vWpbXx5qUybEHflsBg0nLSmbgBJP1siOcO/JWQBlmGYHXZPaSAcsh3gFDHQ=="
        },
        "deepmerge": {
            "version": "4.3.1",
            "resolved": "https://registry.npmjs.org/deepmerge/-/deepmerge-4.3.1.tgz",
            "integrity": "sha512-3sUqbMEc77XqpdNO7FRyRog+eW3ph+GYCbj+rK+uYyRMuwsVy0rMiVtPn+QJlKFvWP/1PYpapqYn0Me2knFn+A=="
        },
        "shopware-storefront-sdk": {
            "version": "0.0.11",
            "resolved": "https://registry.npmjs.org/shopware-storefront-sdk/-/shopware-storefront-sdk-0.0.11.tgz",
            "integrity": "sha512-Hx2K4M+983PZFBe7opr3Q3xTHV2+2Y/3XBEInBlhj1yU0WzxbazbyjXWymh5nPTBhpDI9fS2C8gwyHD7YoO5pw==",
            "requires": {
                "deepmerge": "^4.3.1"
            }
        }
    }
}
