{
  "name": "postdirekt-autocomplete",
  "version": "1.0.0",
  "lockfileVersion": 1,
  "requires": true,
  "dependencies": {
    "@netresearch/postdirekt-autocomplete-library": {
      "version": "1.0.1",
      "resolved": "https://registry.npmjs.org/@netresearch/postdirekt-autocomplete-library/-/postdirekt-autocomplete-library-1.0.1.tgz",
      "integrity": "sha512-UItcCjQiX9C94sSeyfx3kFOU/p26Uy5Yjayk3bhOT6VIlkVCtPHnpcLiP4sAC3/0cm4w393QdlbNVp3TYiW6VA==",
      "requires": {
        "@netresearch/postdirekt-autocomplete-sdk": "^1.0.0"
      }
    },
    "@netresearch/postdirekt-autocomplete-sdk": {
      "version": "1.0.1",
      "resolved": "https://registry.npmjs.org/@netresearch/postdirekt-autocomplete-sdk/-/postdirekt-autocomplete-sdk-1.0.1.tgz",
      "integrity": "sha512-gZu5qB16A73THoQbqUux8F91W9HdAmEH0W/JB9wV8kVZBKsCjr8GKyFXBuzxvuZ0qhe6EKjqUr9QHh5jVpm4zw=="
    }
  }
}
