{
  "name": "postdirekt-autocomplete",
  "version": "1.0.0",
  "lockfileVersion": 1,
  "requires": true,
  "dependencies": {
    "@netresearch/postdirekt-autocomplete-library": {
      "version": "1.2.0",
      "resolved": "https://registry.npmjs.org/@netresearch/postdirekt-autocomplete-library/-/postdirekt-autocomplete-library-1.2.0.tgz",
      "integrity": "sha512-mDhfQuFOZeqEG1pqwHXhMC5Urdbf5JenInegVdX/d6qxbrlRpd8qmMUzIZOHx09AP6dYdPMYJgSKjslM35MnJA==",
      "requires": {
        "@netresearch/postdirekt-autocomplete-sdk": "^1.0.0"
      }
    },
    "@netresearch/postdirekt-autocomplete-sdk": {
      "version": "1.2.0",
      "resolved": "https://registry.npmjs.org/@netresearch/postdirekt-autocomplete-sdk/-/postdirekt-autocomplete-sdk-1.2.0.tgz",
      "integrity": "sha512-NtRMpfO2kh2sNNQzdDsCiEmisD//y1DaZvdchpKlElQaNmgUwcGTXHwVTdMjuhgd7n+yagtO8lCtTOXs7IkGoA=="
    }
  }
}
